
Microsoft Visual Studio Solution File, Format Version 12.00
# Visual Studio 15
VisualStudioVersion = 15.0.27703.2035
MinimumVisualStudioVersion = 10.0.40219.1
Project("{FAE04EC0-301F-11D3-BF4B-00C04F79EFBC}") = "XnaXmlContentPipeline", "XnaXmlContentPipeline\XnaXmlContentPipeline.csproj", "{73FD57B1-BEED-4B82-803C-7D16DB4EBF6A}"
EndProject
Project("{FAE04EC0-301F-11D3-BF4B-00C04F79EFBC}") = "XnaXmlContentReader", "XnaXmlContentReader\XnaXmlContentReader.csproj", "{B62E3300-5C2D-4BE0-B306-DFE1FFEFBD67}"
EndProject
Project("{FAE04EC0-301F-11D3-BF4B-00C04F79EFBC}") = "WesternSpaceMono", "WesternSpaceMono\WesternSpaceMono.csproj", "{BD2F8CB9-684B-4209-A007-7126E5E67669}"
	ProjectSection(ProjectDependencies) = postProject
		{B62E3300-5C2D-4BE0-B306-DFE1FFEFBD67} = {B62E3300-5C2D-4BE0-B306-DFE1FFEFBD67}
		{73FD57B1-BEED-4B82-803C-7D16DB4EBF6A} = {73FD57B1-BEED-4B82-803C-7D16DB4EBF6A}
	EndProjectSection
EndProject
Global
	GlobalSection(SolutionConfigurationPlatforms) = preSolution
		Debug|Any CPU = Debug|Any CPU
		Debug|Mixed Platforms = Debug|Mixed Platforms
		Debug|x86 = Debug|x86
		Debug|Xbox 360 = Debug|Xbox 360
		Debug|Zune = Debug|Zune
		Release|Any CPU = Release|Any CPU
		Release|Mixed Platforms = Release|Mixed Platforms
		Release|x86 = Release|x86
		Release|Xbox 360 = Release|Xbox 360
		Release|Zune = Release|Zune
	EndGlobalSection
	GlobalSection(ProjectConfigurationPlatforms) = postSolution
		{73FD57B1-BEED-4B82-803C-7D16DB4EBF6A}.Debug|Any CPU.ActiveCfg = Debug|Any CPU
		{73FD57B1-BEED-4B82-803C-7D16DB4EBF6A}.Debug|Any CPU.Build.0 = Debug|Any CPU
		{73FD57B1-BEED-4B82-803C-7D16DB4EBF6A}.Debug|Mixed Platforms.ActiveCfg = Debug|Any CPU
		{73FD57B1-BEED-4B82-803C-7D16DB4EBF6A}.Debug|Mixed Platforms.Build.0 = Debug|Any CPU
		{73FD57B1-BEED-4B82-803C-7D16DB4EBF6A}.Debug|x86.ActiveCfg = Debug|Any CPU
		{73FD57B1-BEED-4B82-803C-7D16DB4EBF6A}.Debug|Xbox 360.ActiveCfg = Debug|Any CPU
		{73FD57B1-BEED-4B82-803C-7D16DB4EBF6A}.Debug|Zune.ActiveCfg = Debug|Any CPU
		{73FD57B1-BEED-4B82-803C-7D16DB4EBF6A}.Release|Any CPU.ActiveCfg = Release|Any CPU
		{73FD57B1-BEED-4B82-803C-7D16DB4EBF6A}.Release|Any CPU.Build.0 = Release|Any CPU
		{73FD57B1-BEED-4B82-803C-7D16DB4EBF6A}.Release|Mixed Platforms.ActiveCfg = Release|Any CPU
		{73FD57B1-BEED-4B82-803C-7D16DB4EBF6A}.Release|Mixed Platforms.Build.0 = Release|Any CPU
		{73FD57B1-BEED-4B82-803C-7D16DB4EBF6A}.Release|x86.ActiveCfg = Release|Any CPU
		{73FD57B1-BEED-4B82-803C-7D16DB4EBF6A}.Release|Xbox 360.ActiveCfg = Release|Any CPU
		{73FD57B1-BEED-4B82-803C-7D16DB4EBF6A}.Release|Zune.ActiveCfg = Release|Any CPU
		{B62E3300-5C2D-4BE0-B306-DFE1FFEFBD67}.Debug|Any CPU.ActiveCfg = Debug|Zune
		{B62E3300-5C2D-4BE0-B306-DFE1FFEFBD67}.Debug|Mixed Platforms.ActiveCfg = Debug|Zune
		{B62E3300-5C2D-4BE0-B306-DFE1FFEFBD67}.Debug|Mixed Platforms.Build.0 = Debug|Zune
		{B62E3300-5C2D-4BE0-B306-DFE1FFEFBD67}.Debug|x86.ActiveCfg = Debug|x86
		{B62E3300-5C2D-4BE0-B306-DFE1FFEFBD67}.Debug|x86.Build.0 = Debug|x86
		{B62E3300-5C2D-4BE0-B306-DFE1FFEFBD67}.Debug|Xbox 360.ActiveCfg = Debug|Xbox 360
		{B62E3300-5C2D-4BE0-B306-DFE1FFEFBD67}.Debug|Xbox 360.Build.0 = Debug|Xbox 360
		{B62E3300-5C2D-4BE0-B306-DFE1FFEFBD67}.Debug|Zune.ActiveCfg = Debug|Zune
		{B62E3300-5C2D-4BE0-B306-DFE1FFEFBD67}.Debug|Zune.Build.0 = Debug|Zune
		{B62E3300-5C2D-4BE0-B306-DFE1FFEFBD67}.Release|Any CPU.ActiveCfg = Release|Zune
		{B62E3300-5C2D-4BE0-B306-DFE1FFEFBD67}.Release|Mixed Platforms.ActiveCfg = Release|Zune
		{B62E3300-5C2D-4BE0-B306-DFE1FFEFBD67}.Release|Mixed Platforms.Build.0 = Release|Zune
		{B62E3300-5C2D-4BE0-B306-DFE1FFEFBD67}.Release|x86.ActiveCfg = Release|x86
		{B62E3300-5C2D-4BE0-B306-DFE1FFEFBD67}.Release|x86.Build.0 = Release|x86
		{B62E3300-5C2D-4BE0-B306-DFE1FFEFBD67}.Release|Xbox 360.ActiveCfg = Release|Xbox 360
		{B62E3300-5C2D-4BE0-B306-DFE1FFEFBD67}.Release|Xbox 360.Build.0 = Release|Xbox 360
		{B62E3300-5C2D-4BE0-B306-DFE1FFEFBD67}.Release|Zune.ActiveCfg = Release|Zune
		{B62E3300-5C2D-4BE0-B306-DFE1FFEFBD67}.Release|Zune.Build.0 = Release|Zune
		{BD2F8CB9-684B-4209-A007-7126E5E67669}.Debug|Any CPU.ActiveCfg = Debug|Any CPU
		{BD2F8CB9-684B-4209-A007-7126E5E67669}.Debug|Any CPU.Build.0 = Debug|Any CPU
		{BD2F8CB9-684B-4209-A007-7126E5E67669}.Debug|Mixed Platforms.ActiveCfg = Debug|Any CPU
		{BD2F8CB9-684B-4209-A007-7126E5E67669}.Debug|Mixed Platforms.Build.0 = Debug|Any CPU
		{BD2F8CB9-684B-4209-A007-7126E5E67669}.Debug|x86.ActiveCfg = Debug|Any CPU
		{BD2F8CB9-684B-4209-A007-7126E5E67669}.Debug|x86.Build.0 = Debug|Any CPU
		{BD2F8CB9-684B-4209-A007-7126E5E67669}.Debug|Xbox 360.ActiveCfg = Debug|Any CPU
		{BD2F8CB9-684B-4209-A007-7126E5E67669}.Debug|Xbox 360.Build.0 = Debug|Any CPU
		{BD2F8CB9-684B-4209-A007-7126E5E67669}.Debug|Zune.ActiveCfg = Debug|Any CPU
		{BD2F8CB9-684B-4209-A007-7126E5E67669}.Debug|Zune.Build.0 = Debug|Any CPU
		{BD2F8CB9-684B-4209-A007-7126E5E67669}.Release|Any CPU.ActiveCfg = Release|Any CPU
		{BD2F8CB9-684B-4209-A007-7126E5E67669}.Release|Any CPU.Build.0 = Release|Any CPU
		{BD2F8CB9-684B-4209-A007-7126E5E67669}.Release|Mixed Platforms.ActiveCfg = Release|Any CPU
		{BD2F8CB9-684B-4209-A007-7126E5E67669}.Release|Mixed Platforms.Build.0 = Release|Any CPU
		{BD2F8CB9-684B-4209-A007-7126E5E67669}.Release|x86.ActiveCfg = Release|Any CPU
		{BD2F8CB9-684B-4209-A007-7126E5E67669}.Release|x86.Build.0 = Release|Any CPU
		{BD2F8CB9-684B-4209-A007-7126E5E67669}.Release|Xbox 360.ActiveCfg = Release|Any CPU
		{BD2F8CB9-684B-4209-A007-7126E5E67669}.Release|Xbox 360.Build.0 = Release|Any CPU
		{BD2F8CB9-684B-4209-A007-7126E5E67669}.Release|Zune.ActiveCfg = Release|Any CPU
		{BD2F8CB9-684B-4209-A007-7126E5E67669}.Release|Zune.Build.0 = Release|Any CPU
	EndGlobalSection
	GlobalSection(SolutionProperties) = preSolution
		HideSolutionNode = FALSE
	EndGlobalSection
	GlobalSection(ExtensibilityGlobals) = postSolution
		SolutionGuid = {5C4CEA98-337F-436A-8262-ECEDE9EE4C67}
	EndGlobalSection
	GlobalSection(SubversionScc) = preSolution
		Svn-Managed = True
		Manager = AnkhSVN - Subversion Support for Visual Studio
	EndGlobalSection
EndGlobal
