
Microsoft Visual Studio Solution File, Format Version 10.00
# Visual Studio 2008
Project("{FAE04EC0-301F-11D3-BF4B-00C04F79EFBC}") = "WesternSpace", "Western Space\WesternSpace.csproj", "{CCFD85DF-E138-4AE5-B44E-BF13AE4F09C0}"
EndProject
Project("{FAE04EC0-301F-11D3-BF4B-00C04F79EFBC}") = "XnaXmlContentPipeline", "XnaXmlContentPipeline\XnaXmlContentPipeline.csproj", "{73FD57B1-BEED-4B82-803C-7D16DB4EBF6A}"
EndProject
Project("{FAE04EC0-301F-11D3-BF4B-00C04F79EFBC}") = "XBox360WesternSpace", "Western Space\XBox360WesternSpace.csproj", "{83EE98B3-FD74-4DFB-88A3-A6A596A4E823}"
EndProject
Project("{FAE04EC0-301F-11D3-BF4B-00C04F79EFBC}") = "XnaXmlContentReader", "XnaXmlContentReader\XnaXmlContentReader.csproj", "{B62E3300-5C2D-4BE0-B306-DFE1FFEFBD67}"
EndProject
Project("{FAE04EC0-301F-11D3-BF4B-00C04F79EFBC}") = "XnaXmlContentReaderXBox", "XnaXmlContentReaderXBox\XnaXmlContentReaderXBox.csproj", "{8A911801-A7E5-4586-B4BD-D379A3F1AFE4}"
EndProject
Global
	GlobalSection(SolutionConfigurationPlatforms) = preSolution
		Debug|Any CPU = Debug|Any CPU
		Debug|Mixed Platforms = Debug|Mixed Platforms
		Debug|x86 = Debug|x86
		Debug|Xbox 360 = Debug|Xbox 360
		Debug|Zune = Debug|Zune
		Release|Any CPU = Release|Any CPU
		Release|Mixed Platforms = Release|Mixed Platforms
		Release|x86 = Release|x86
		Release|Xbox 360 = Release|Xbox 360
		Release|Zune = Release|Zune
	EndGlobalSection
	GlobalSection(ProjectConfigurationPlatforms) = postSolution
		{CCFD85DF-E138-4AE5-B44E-BF13AE4F09C0}.Debug|Any CPU.ActiveCfg = Debug|x86
		{CCFD85DF-E138-4AE5-B44E-BF13AE4F09C0}.Debug|Mixed Platforms.ActiveCfg = Debug|x86
		{CCFD85DF-E138-4AE5-B44E-BF13AE4F09C0}.Debug|Mixed Platforms.Build.0 = Debug|x86
		{CCFD85DF-E138-4AE5-B44E-BF13AE4F09C0}.Debug|x86.ActiveCfg = Debug|x86
		{CCFD85DF-E138-4AE5-B44E-BF13AE4F09C0}.Debug|x86.Build.0 = Debug|x86
		{CCFD85DF-E138-4AE5-B44E-BF13AE4F09C0}.Debug|Xbox 360.ActiveCfg = Debug|x86
		{CCFD85DF-E138-4AE5-B44E-BF13AE4F09C0}.Debug|Zune.ActiveCfg = Debug|x86
		{CCFD85DF-E138-4AE5-B44E-BF13AE4F09C0}.Release|Any CPU.ActiveCfg = Release|x86
		{CCFD85DF-E138-4AE5-B44E-BF13AE4F09C0}.Release|Mixed Platforms.ActiveCfg = Release|x86
		{CCFD85DF-E138-4AE5-B44E-BF13AE4F09C0}.Release|Mixed Platforms.Build.0 = Release|x86
		{CCFD85DF-E138-4AE5-B44E-BF13AE4F09C0}.Release|x86.ActiveCfg = Release|x86
		{CCFD85DF-E138-4AE5-B44E-BF13AE4F09C0}.Release|x86.Build.0 = Release|x86
		{CCFD85DF-E138-4AE5-B44E-BF13AE4F09C0}.Release|Xbox 360.ActiveCfg = Release|x86
		{CCFD85DF-E138-4AE5-B44E-BF13AE4F09C0}.Release|Zune.ActiveCfg = Release|x86
		{73FD57B1-BEED-4B82-803C-7D16DB4EBF6A}.Debug|Any CPU.ActiveCfg = Debug|Any CPU
		{73FD57B1-BEED-4B82-803C-7D16DB4EBF6A}.Debug|Any CPU.Build.0 = Debug|Any CPU
		{73FD57B1-BEED-4B82-803C-7D16DB4EBF6A}.Debug|Mixed Platforms.ActiveCfg = Debug|Any CPU
		{73FD57B1-BEED-4B82-803C-7D16DB4EBF6A}.Debug|Mixed Platforms.Build.0 = Debug|Any CPU
		{73FD57B1-BEED-4B82-803C-7D16DB4EBF6A}.Debug|x86.ActiveCfg = Debug|Any CPU
		{73FD57B1-BEED-4B82-803C-7D16DB4EBF6A}.Debug|Xbox 360.ActiveCfg = Debug|Any CPU
		{73FD57B1-BEED-4B82-803C-7D16DB4EBF6A}.Debug|Zune.ActiveCfg = Debug|Any CPU
		{73FD57B1-BEED-4B82-803C-7D16DB4EBF6A}.Release|Any CPU.ActiveCfg = Release|Any CPU
		{73FD57B1-BEED-4B82-803C-7D16DB4EBF6A}.Release|Any CPU.Build.0 = Release|Any CPU
		{73FD57B1-BEED-4B82-803C-7D16DB4EBF6A}.Release|Mixed Platforms.ActiveCfg = Release|Any CPU
		{73FD57B1-BEED-4B82-803C-7D16DB4EBF6A}.Release|Mixed Platforms.Build.0 = Release|Any CPU
		{73FD57B1-BEED-4B82-803C-7D16DB4EBF6A}.Release|x86.ActiveCfg = Release|Any CPU
		{73FD57B1-BEED-4B82-803C-7D16DB4EBF6A}.Release|Xbox 360.ActiveCfg = Release|Any CPU
		{73FD57B1-BEED-4B82-803C-7D16DB4EBF6A}.Release|Zune.ActiveCfg = Release|Any CPU
		{83EE98B3-FD74-4DFB-88A3-A6A596A4E823}.Debug|Any CPU.ActiveCfg = Debug|Xbox 360
		{83EE98B3-FD74-4DFB-88A3-A6A596A4E823}.Debug|Mixed Platforms.ActiveCfg = Debug|Xbox 360
		{83EE98B3-FD74-4DFB-88A3-A6A596A4E823}.Debug|Mixed Platforms.Build.0 = Debug|Xbox 360
		{83EE98B3-FD74-4DFB-88A3-A6A596A4E823}.Debug|Mixed Platforms.Deploy.0 = Debug|Xbox 360
		{83EE98B3-FD74-4DFB-88A3-A6A596A4E823}.Debug|x86.ActiveCfg = Debug|Xbox 360
		{83EE98B3-FD74-4DFB-88A3-A6A596A4E823}.Debug|Xbox 360.ActiveCfg = Debug|Xbox 360
		{83EE98B3-FD74-4DFB-88A3-A6A596A4E823}.Debug|Xbox 360.Build.0 = Debug|Xbox 360
		{83EE98B3-FD74-4DFB-88A3-A6A596A4E823}.Debug|Xbox 360.Deploy.0 = Debug|Xbox 360
		{83EE98B3-FD74-4DFB-88A3-A6A596A4E823}.Debug|Zune.ActiveCfg = Debug|Xbox 360
		{83EE98B3-FD74-4DFB-88A3-A6A596A4E823}.Release|Any CPU.ActiveCfg = Release|Xbox 360
		{83EE98B3-FD74-4DFB-88A3-A6A596A4E823}.Release|Mixed Platforms.ActiveCfg = Release|Xbox 360
		{83EE98B3-FD74-4DFB-88A3-A6A596A4E823}.Release|Mixed Platforms.Build.0 = Release|Xbox 360
		{83EE98B3-FD74-4DFB-88A3-A6A596A4E823}.Release|Mixed Platforms.Deploy.0 = Release|Xbox 360
		{83EE98B3-FD74-4DFB-88A3-A6A596A4E823}.Release|x86.ActiveCfg = Release|Xbox 360
		{83EE98B3-FD74-4DFB-88A3-A6A596A4E823}.Release|Xbox 360.ActiveCfg = Release|Xbox 360
		{83EE98B3-FD74-4DFB-88A3-A6A596A4E823}.Release|Xbox 360.Build.0 = Release|Xbox 360
		{83EE98B3-FD74-4DFB-88A3-A6A596A4E823}.Release|Xbox 360.Deploy.0 = Release|Xbox 360
		{83EE98B3-FD74-4DFB-88A3-A6A596A4E823}.Release|Zune.ActiveCfg = Release|Xbox 360
		{B62E3300-5C2D-4BE0-B306-DFE1FFEFBD67}.Debug|Any CPU.ActiveCfg = Debug|Zune
		{B62E3300-5C2D-4BE0-B306-DFE1FFEFBD67}.Debug|Mixed Platforms.ActiveCfg = Debug|Zune
		{B62E3300-5C2D-4BE0-B306-DFE1FFEFBD67}.Debug|Mixed Platforms.Build.0 = Debug|Zune
		{B62E3300-5C2D-4BE0-B306-DFE1FFEFBD67}.Debug|x86.ActiveCfg = Debug|x86
		{B62E3300-5C2D-4BE0-B306-DFE1FFEFBD67}.Debug|x86.Build.0 = Debug|x86
		{B62E3300-5C2D-4BE0-B306-DFE1FFEFBD67}.Debug|Xbox 360.ActiveCfg = Debug|Xbox 360
		{B62E3300-5C2D-4BE0-B306-DFE1FFEFBD67}.Debug|Xbox 360.Build.0 = Debug|Xbox 360
		{B62E3300-5C2D-4BE0-B306-DFE1FFEFBD67}.Debug|Zune.ActiveCfg = Debug|Zune
		{B62E3300-5C2D-4BE0-B306-DFE1FFEFBD67}.Debug|Zune.Build.0 = Debug|Zune
		{B62E3300-5C2D-4BE0-B306-DFE1FFEFBD67}.Release|Any CPU.ActiveCfg = Release|Zune
		{B62E3300-5C2D-4BE0-B306-DFE1FFEFBD67}.Release|Mixed Platforms.ActiveCfg = Release|Zune
		{B62E3300-5C2D-4BE0-B306-DFE1FFEFBD67}.Release|Mixed Platforms.Build.0 = Release|Zune
		{B62E3300-5C2D-4BE0-B306-DFE1FFEFBD67}.Release|x86.ActiveCfg = Release|x86
		{B62E3300-5C2D-4BE0-B306-DFE1FFEFBD67}.Release|x86.Build.0 = Release|x86
		{B62E3300-5C2D-4BE0-B306-DFE1FFEFBD67}.Release|Xbox 360.ActiveCfg = Release|Xbox 360
		{B62E3300-5C2D-4BE0-B306-DFE1FFEFBD67}.Release|Xbox 360.Build.0 = Release|Xbox 360
		{B62E3300-5C2D-4BE0-B306-DFE1FFEFBD67}.Release|Zune.ActiveCfg = Release|Zune
		{B62E3300-5C2D-4BE0-B306-DFE1FFEFBD67}.Release|Zune.Build.0 = Release|Zune
		{8A911801-A7E5-4586-B4BD-D379A3F1AFE4}.Debug|Any CPU.ActiveCfg = Debug|Zune
		{8A911801-A7E5-4586-B4BD-D379A3F1AFE4}.Debug|Mixed Platforms.ActiveCfg = Debug|Zune
		{8A911801-A7E5-4586-B4BD-D379A3F1AFE4}.Debug|Mixed Platforms.Build.0 = Debug|Zune
		{8A911801-A7E5-4586-B4BD-D379A3F1AFE4}.Debug|x86.ActiveCfg = Debug|x86
		{8A911801-A7E5-4586-B4BD-D379A3F1AFE4}.Debug|x86.Build.0 = Debug|x86
		{8A911801-A7E5-4586-B4BD-D379A3F1AFE4}.Debug|Xbox 360.ActiveCfg = Debug|Xbox 360
		{8A911801-A7E5-4586-B4BD-D379A3F1AFE4}.Debug|Xbox 360.Build.0 = Debug|Xbox 360
		{8A911801-A7E5-4586-B4BD-D379A3F1AFE4}.Debug|Zune.ActiveCfg = Debug|Zune
		{8A911801-A7E5-4586-B4BD-D379A3F1AFE4}.Debug|Zune.Build.0 = Debug|Zune
		{8A911801-A7E5-4586-B4BD-D379A3F1AFE4}.Release|Any CPU.ActiveCfg = Release|Zune
		{8A911801-A7E5-4586-B4BD-D379A3F1AFE4}.Release|Mixed Platforms.ActiveCfg = Release|Zune
		{8A911801-A7E5-4586-B4BD-D379A3F1AFE4}.Release|Mixed Platforms.Build.0 = Release|Zune
		{8A911801-A7E5-4586-B4BD-D379A3F1AFE4}.Release|x86.ActiveCfg = Release|x86
		{8A911801-A7E5-4586-B4BD-D379A3F1AFE4}.Release|x86.Build.0 = Release|x86
		{8A911801-A7E5-4586-B4BD-D379A3F1AFE4}.Release|Xbox 360.ActiveCfg = Release|Xbox 360
		{8A911801-A7E5-4586-B4BD-D379A3F1AFE4}.Release|Xbox 360.Build.0 = Release|Xbox 360
		{8A911801-A7E5-4586-B4BD-D379A3F1AFE4}.Release|Zune.ActiveCfg = Release|Zune
		{8A911801-A7E5-4586-B4BD-D379A3F1AFE4}.Release|Zune.Build.0 = Release|Zune
		{8FF2AD5E-E0B9-4F61-A2A8-DD282461EE82}.Debug|Any CPU.ActiveCfg = Debug|x86
		{8FF2AD5E-E0B9-4F61-A2A8-DD282461EE82}.Debug|Mixed Platforms.ActiveCfg = Debug|x86
		{8FF2AD5E-E0B9-4F61-A2A8-DD282461EE82}.Debug|x86.ActiveCfg = Debug|x86
		{8FF2AD5E-E0B9-4F61-A2A8-DD282461EE82}.Debug|Xbox 360.ActiveCfg = Debug|x86
		{8FF2AD5E-E0B9-4F61-A2A8-DD282461EE82}.Debug|Zune.ActiveCfg = Debug|x86
		{8FF2AD5E-E0B9-4F61-A2A8-DD282461EE82}.Release|Any CPU.ActiveCfg = Release|x86
		{8FF2AD5E-E0B9-4F61-A2A8-DD282461EE82}.Release|Mixed Platforms.ActiveCfg = Release|x86
		{8FF2AD5E-E0B9-4F61-A2A8-DD282461EE82}.Release|x86.ActiveCfg = Release|x86
		{8FF2AD5E-E0B9-4F61-A2A8-DD282461EE82}.Release|Xbox 360.ActiveCfg = Release|x86
		{8FF2AD5E-E0B9-4F61-A2A8-DD282461EE82}.Release|Zune.ActiveCfg = Release|x86
	EndGlobalSection
	GlobalSection(SolutionProperties) = preSolution
		HideSolutionNode = FALSE
	EndGlobalSection
	GlobalSection(SubversionScc) = preSolution
		Svn-Managed = True
		Manager = AnkhSVN - Subversion Support for Visual Studio
	EndGlobalSection
EndGlobal
